
Microsoft Visual Studio Solution File, Format Version 12.00
Project("{FAE04EC0-301F-11D3-BF4B-00C04F79EFBC}") = "WalletConnectSharp.Core", "WalletConnectSharp.Core\WalletConnectSharp.Core.csproj", "{9388999D-22A0-492A-ADB6-6C5D6347CFC4}"
EndProject
Project("{FAE04EC0-301F-11D3-BF4B-00C04F79EFBC}") = "WalletConnectSharp.Examples", "WalletConnectSharp.Examples\WalletConnectSharp.Examples.csproj", "{F27F0CAE-64C7-4C37-A61C-590043D9706C}"
EndProject
Global
	GlobalSection(SolutionConfigurationPlatforms) = preSolution
		Debug|Any CPU = Debug|Any CPU
		Release|Any CPU = Release|Any CPU
	EndGlobalSection
	GlobalSection(ProjectConfigurationPlatforms) = postSolution
		{1C212647-EFCD-4BFA-8FB4-E471F5ADDF00}.Debug|Any CPU.ActiveCfg = Debug|Any CPU
		{1C212647-EFCD-4BFA-8FB4-E471F5ADDF00}.Debug|Any CPU.Build.0 = Debug|Any CPU
		{1C212647-EFCD-4BFA-8FB4-E471F5ADDF00}.Release|Any CPU.ActiveCfg = Release|Any CPU
		{1C212647-EFCD-4BFA-8FB4-E471F5ADDF00}.Release|Any CPU.Build.0 = Release|Any CPU
		{9388999D-22A0-492A-ADB6-6C5D6347CFC4}.Debug|Any CPU.ActiveCfg = Debug|Any CPU
		{9388999D-22A0-492A-ADB6-6C5D6347CFC4}.Debug|Any CPU.Build.0 = Debug|Any CPU
		{9388999D-22A0-492A-ADB6-6C5D6347CFC4}.Release|Any CPU.ActiveCfg = Release|Any CPU
		{9388999D-22A0-492A-ADB6-6C5D6347CFC4}.Release|Any CPU.Build.0 = Release|Any CPU
		{F27F0CAE-64C7-4C37-A61C-590043D9706C}.Debug|Any CPU.ActiveCfg = Debug|Any CPU
		{F27F0CAE-64C7-4C37-A61C-590043D9706C}.Debug|Any CPU.Build.0 = Debug|Any CPU
		{F27F0CAE-64C7-4C37-A61C-590043D9706C}.Release|Any CPU.ActiveCfg = Release|Any CPU
		{F27F0CAE-64C7-4C37-A61C-590043D9706C}.Release|Any CPU.Build.0 = Release|Any CPU
	EndGlobalSection
	GlobalSection(NestedProjects) = preSolution
	EndGlobalSection
EndGlobal
