
Microsoft Visual Studio Solution File, Format Version 12.00
Project("{FAE04EC0-301F-11D3-BF4B-00C04F79EFBC}") = "WalletConnectSharp", "WalletConnectSharp.csproj", "{06D34A7F-31CD-402F-855D-CCD601575094}"
EndProject
Global
	GlobalSection(SolutionConfigurationPlatforms) = preSolution
		Debug|Any CPU = Debug|Any CPU
		Release|Any CPU = Release|Any CPU
	EndGlobalSection
	GlobalSection(ProjectConfigurationPlatforms) = postSolution
		{1C212647-EFCD-4BFA-8FB4-E471F5ADDF00}.Debug|Any CPU.ActiveCfg = Debug|Any CPU
		{1C212647-EFCD-4BFA-8FB4-E471F5ADDF00}.Debug|Any CPU.Build.0 = Debug|Any CPU
		{1C212647-EFCD-4BFA-8FB4-E471F5ADDF00}.Release|Any CPU.ActiveCfg = Release|Any CPU
		{1C212647-EFCD-4BFA-8FB4-E471F5ADDF00}.Release|Any CPU.Build.0 = Release|Any CPU
		{06D34A7F-31CD-402F-855D-CCD601575094}.Debug|Any CPU.ActiveCfg = Debug|Any CPU
		{06D34A7F-31CD-402F-855D-CCD601575094}.Debug|Any CPU.Build.0 = Debug|Any CPU
		{06D34A7F-31CD-402F-855D-CCD601575094}.Release|Any CPU.ActiveCfg = Release|Any CPU
		{06D34A7F-31CD-402F-855D-CCD601575094}.Release|Any CPU.Build.0 = Release|Any CPU
	EndGlobalSection
EndGlobal
