
Microsoft Visual Studio Solution File, Format Version 12.00
Project("{FAE04EC0-301F-11D3-BF4B-00C04F79EFBC}") = "Nethereum.WalletConnect", "Nethereum.WalletConnect.csproj", "{DDB41690-8C71-4BE2-AE28-E63FD934910D}"
EndProject
Project("{FAE04EC0-301F-11D3-BF4B-00C04F79EFBC}") = "NethereumTest", "NethereumTest\NethereumTest.csproj", "{B94C52FF-7E00-4157-BEF3-3B6172ABE77E}"
EndProject
Global
	GlobalSection(SolutionConfigurationPlatforms) = preSolution
		Debug|Any CPU = Debug|Any CPU
		Release|Any CPU = Release|Any CPU
	EndGlobalSection
	GlobalSection(ProjectConfigurationPlatforms) = postSolution
		{DDB41690-8C71-4BE2-AE28-E63FD934910D}.Debug|Any CPU.ActiveCfg = Debug|Any CPU
		{DDB41690-8C71-4BE2-AE28-E63FD934910D}.Debug|Any CPU.Build.0 = Debug|Any CPU
		{DDB41690-8C71-4BE2-AE28-E63FD934910D}.Release|Any CPU.ActiveCfg = Release|Any CPU
		{DDB41690-8C71-4BE2-AE28-E63FD934910D}.Release|Any CPU.Build.0 = Release|Any CPU
		{1C212647-EFCD-4BFA-8FB4-E471F5ADDF00}.Debug|Any CPU.ActiveCfg = Debug|Any CPU
		{1C212647-EFCD-4BFA-8FB4-E471F5ADDF00}.Debug|Any CPU.Build.0 = Debug|Any CPU
		{1C212647-EFCD-4BFA-8FB4-E471F5ADDF00}.Release|Any CPU.ActiveCfg = Release|Any CPU
		{1C212647-EFCD-4BFA-8FB4-E471F5ADDF00}.Release|Any CPU.Build.0 = Release|Any CPU
		{B94C52FF-7E00-4157-BEF3-3B6172ABE77E}.Debug|Any CPU.ActiveCfg = Debug|Any CPU
		{B94C52FF-7E00-4157-BEF3-3B6172ABE77E}.Debug|Any CPU.Build.0 = Debug|Any CPU
		{B94C52FF-7E00-4157-BEF3-3B6172ABE77E}.Release|Any CPU.ActiveCfg = Release|Any CPU
		{B94C52FF-7E00-4157-BEF3-3B6172ABE77E}.Release|Any CPU.Build.0 = Release|Any CPU
	EndGlobalSection
EndGlobal
